
Microsoft Visual Studio Solution File, Format Version 12.00
# Visual Studio 15
VisualStudioVersion = 15.0.28010.2003
MinimumVisualStudioVersion = 10.0.40219.1
Project("{2150E333-8FDC-42A3-9474-1A3956D46DE8}") = "Solution Items", "Solution Items", "{62DFC743-3220-436F-9F97-DFFC875383B4}"
	ProjectSection(SolutionItems) = preProject
		azuredeploy.json = azuredeploy.json
		azuredeploy.parameters.json = azuredeploy.parameters.json
		metadata.json = metadata.json
	EndProjectSection
EndProject
Global
	GlobalSection(SolutionProperties) = preSolution
		HideSolutionNode = FALSE
	EndGlobalSection
	GlobalSection(ExtensibilityGlobals) = postSolution
		SolutionGuid = {9877F32C-55D0-4549-9685-D1217E2C3CB0}
	EndGlobalSection
EndGlobal
